
Microsoft Visual Studio Solution File, Format Version 12.00
# Visual Studio Version 17
VisualStudioVersion = 17.8.34525.116
MinimumVisualStudioVersion = 10.0.40219.1
Project("{FAE04EC0-301F-11D3-BF4B-00C04F79EFBC}") = "mvc-rpg", "mvc-rpg\mvc-rpg.csproj", "{B9FDEB74-427B-42C3-AA53-2452B3CE82BC}"
EndProject
Global
	GlobalSection(SolutionConfigurationPlatforms) = preSolution
		Debug|Any CPU = Debug|Any CPU
		Release|Any CPU = Release|Any CPU
	EndGlobalSection
	GlobalSection(ProjectConfigurationPlatforms) = postSolution
		{B9FDEB74-427B-42C3-AA53-2452B3CE82BC}.Debug|Any CPU.ActiveCfg = Debug|Any CPU
		{B9FDEB74-427B-42C3-AA53-2452B3CE82BC}.Debug|Any CPU.Build.0 = Debug|Any CPU
		{B9FDEB74-427B-42C3-AA53-2452B3CE82BC}.Release|Any CPU.ActiveCfg = Release|Any CPU
		{B9FDEB74-427B-42C3-AA53-2452B3CE82BC}.Release|Any CPU.Build.0 = Release|Any CPU
	EndGlobalSection
	GlobalSection(SolutionProperties) = preSolution
		HideSolutionNode = FALSE
	EndGlobalSection
	GlobalSection(ExtensibilityGlobals) = postSolution
		SolutionGuid = {9B31F753-18B6-4F52-BC6B-7ABC2578972C}
	EndGlobalSection
EndGlobal
