{
  "name": "mvc-rpg",
  "lockfileVersion": 3,
  "requires": true,
  "packages": {
    "": {
      "dependencies": {
        "@spectrum-css/button": "^13.1.1",
        "@spectrum-css/icon": "^7.1.1",
        "@spectrum-css/page": "^8.1.1",
        "@spectrum-css/tokens": "^14.1.0",
        "@spectrum-css/typography": "^6.1.1"
      }
    },
    "node_modules/@spectrum-css/button": {
      "version": "13.1.1",
      "resolved": "https://registry.npmjs.org/@spectrum-css/button/-/button-13.1.1.tgz",
      "integrity": "sha512-GyLNIErpuSfES0GftmzGgsBLgzdMd10PVU34TgYuRz9Ad3DeRpfT1PzA9jKDjqXXCtf91tB7lMkYPdUCHcHLgA==",
      "peerDependencies": {
        "@spectrum-css/icon": ">=7",
        "@spectrum-css/progresscircle": ">=3",
        "@spectrum-css/tokens": ">=14"
      },
      "peerDependenciesMeta": {
        "@spectrum-css/icon": {
          "optional": true
        },
        "@spectrum-css/progresscircle": {
          "optional": true
        }
      }
    },
    "node_modules/@spectrum-css/icon": {
      "version": "7.1.1",
      "resolved": "https://registry.npmjs.org/@spectrum-css/icon/-/icon-7.1.1.tgz",
      "integrity": "sha512-6OL0E4BI38jIZYmNCjSBcl4gyp3yl/RA2bFHD2nbB5M5qOdnWFpW8Y3epmhaSnCLIa8E3bPAhI8MU5Dud25ZUA==",
      "peerDependencies": {
        "@spectrum-css/tokens": ">=14"
      }
    },
    "node_modules/@spectrum-css/page": {
      "version": "8.1.1",
      "resolved": "https://registry.npmjs.org/@spectrum-css/page/-/page-8.1.1.tgz",
      "integrity": "sha512-iRKCPlGSgzZkp8kerXAn2IP1TywQPpwJ0Q/Kt0Vtwza7NEVyHbKZbMm1o5aexqslZo8xnwkQuOoyNpwechwu8g==",
      "peerDependencies": {
        "@spectrum-css/tokens": ">=14"
      }
    },
    "node_modules/@spectrum-css/tokens": {
      "version": "14.1.0",
      "resolved": "https://registry.npmjs.org/@spectrum-css/tokens/-/tokens-14.1.0.tgz",
      "integrity": "sha512-MIOSq9cLY2Y2gbj+Ypx56DUcYi+X77aRdW+IG4OYDVMGp5EmIWTIS8QATuuDgLThXmtADiUO7GnZjQv0C3fIRg=="
    },
    "node_modules/@spectrum-css/typography": {
      "version": "6.1.1",
      "resolved": "https://registry.npmjs.org/@spectrum-css/typography/-/typography-6.1.1.tgz",
      "integrity": "sha512-PlEvTRqkcQQHCILLZHZvpCWLhq/1sboQ7snLEL+9l3lW4hEdKWzrn4OqZl+S8In5bxF8osmrquvfBJKBY8qrZw==",
      "peerDependencies": {
        "@spectrum-css/tokens": ">=14"
      }
    }
  }
}
