# THIS IS AN AUTOGENERATED FILE. DO NOT EDIT THIS FILE DIRECTLY.
# yarn lockfile v1


"@spectrum-css/button@^13.1.1":
  version "13.1.1"
  resolved "https://registry.yarnpkg.com/@spectrum-css/button/-/button-13.1.1.tgz#42be27e8f8d03a7af3eca17fb7566ca2b8cc5f24"
  integrity sha512-GyLNIErpuSfES0GftmzGgsBLgzdMd10PVU34TgYuRz9Ad3DeRpfT1PzA9jKDjqXXCtf91tB7lMkYPdUCHcHLgA==

"@spectrum-css/icon@^7.1.1":
  version "7.1.1"
  resolved "https://registry.yarnpkg.com/@spectrum-css/icon/-/icon-7.1.1.tgz#7cc2176a9d2cf835f4defc6a0811f553e9133244"
  integrity sha512-6OL0E4BI38jIZYmNCjSBcl4gyp3yl/RA2bFHD2nbB5M5qOdnWFpW8Y3epmhaSnCLIa8E3bPAhI8MU5Dud25ZUA==

"@spectrum-css/page@^8.1.1":
  version "8.1.1"
  resolved "https://registry.yarnpkg.com/@spectrum-css/page/-/page-8.1.1.tgz#73dc527f3e781c979dd52c0e9be8535ed92ab5ac"
  integrity sha512-iRKCPlGSgzZkp8kerXAn2IP1TywQPpwJ0Q/Kt0Vtwza7NEVyHbKZbMm1o5aexqslZo8xnwkQuOoyNpwechwu8g==

"@spectrum-css/tokens@^14.1.0":
  version "14.1.0"
  resolved "https://registry.yarnpkg.com/@spectrum-css/tokens/-/tokens-14.1.0.tgz#2b41c1c8c51f0d770fdb4f85cf0c564dfebd2544"
  integrity sha512-MIOSq9cLY2Y2gbj+Ypx56DUcYi+X77aRdW+IG4OYDVMGp5EmIWTIS8QATuuDgLThXmtADiUO7GnZjQv0C3fIRg==

"@spectrum-css/typography@^6.1.1":
  version "6.1.1"
  resolved "https://registry.yarnpkg.com/@spectrum-css/typography/-/typography-6.1.1.tgz#6d64b8be31f3e79febb250a285e011271c914f7a"
  integrity sha512-PlEvTRqkcQQHCILLZHZvpCWLhq/1sboQ7snLEL+9l3lW4hEdKWzrn4OqZl+S8In5bxF8osmrquvfBJKBY8qrZw==
